
Microsoft Visual Studio Solution File, Format Version 12.00
# Visual Studio Version 17
VisualStudioVersion = 17.2.32630.192
MinimumVisualStudioVersion = 10.0.40219.1
Project("{9A19103F-16F7-4668-BE54-9A1E7A4F7556}") = "WeatherForecastsClean.Core", "WeatherForecastsClean.Core\WeatherForecastsClean.Core.csproj", "{1CE77B7A-975D-415F-A1BF-141E770BD663}"
EndProject
Project("{FAE04EC0-301F-11D3-BF4B-00C04F79EFBC}") = "WeatherForecastsClean.API", "WeatherForecastsClean.API\WeatherForecastsClean.API.csproj", "{594C05F3-9EE2-4C4D-B349-691043C06131}"
EndProject
Project("{FAE04EC0-301F-11D3-BF4B-00C04F79EFBC}") = "WeatherForecastsClean.Infrastructure", "WeatherForecastsClean.Infrastructure\WeatherForecastsClean.Infrastructure.csproj", "{82912BE8-A5D3-4A3D-AE91-F69D3462A94D}"
EndProject
Project("{9A19103F-16F7-4668-BE54-9A1E7A4F7556}") = "WeatherForecastsClean.Application", "WeatherForecastsClean.Application\WeatherForecastsClean.Application.csproj", "{1CC4EA1D-666D-40AE-8254-C7B958EA5366}"
EndProject
Global
	GlobalSection(SolutionConfigurationPlatforms) = preSolution
		Debug|Any CPU = Debug|Any CPU
		Release|Any CPU = Release|Any CPU
	EndGlobalSection
	GlobalSection(ProjectConfigurationPlatforms) = postSolution
		{1CE77B7A-975D-415F-A1BF-141E770BD663}.Debug|Any CPU.ActiveCfg = Debug|Any CPU
		{1CE77B7A-975D-415F-A1BF-141E770BD663}.Debug|Any CPU.Build.0 = Debug|Any CPU
		{1CE77B7A-975D-415F-A1BF-141E770BD663}.Release|Any CPU.ActiveCfg = Release|Any CPU
		{1CE77B7A-975D-415F-A1BF-141E770BD663}.Release|Any CPU.Build.0 = Release|Any CPU
		{594C05F3-9EE2-4C4D-B349-691043C06131}.Debug|Any CPU.ActiveCfg = Debug|Any CPU
		{594C05F3-9EE2-4C4D-B349-691043C06131}.Debug|Any CPU.Build.0 = Debug|Any CPU
		{594C05F3-9EE2-4C4D-B349-691043C06131}.Release|Any CPU.ActiveCfg = Release|Any CPU
		{594C05F3-9EE2-4C4D-B349-691043C06131}.Release|Any CPU.Build.0 = Release|Any CPU
		{82912BE8-A5D3-4A3D-AE91-F69D3462A94D}.Debug|Any CPU.ActiveCfg = Debug|Any CPU
		{82912BE8-A5D3-4A3D-AE91-F69D3462A94D}.Debug|Any CPU.Build.0 = Debug|Any CPU
		{82912BE8-A5D3-4A3D-AE91-F69D3462A94D}.Release|Any CPU.ActiveCfg = Release|Any CPU
		{82912BE8-A5D3-4A3D-AE91-F69D3462A94D}.Release|Any CPU.Build.0 = Release|Any CPU
		{1CC4EA1D-666D-40AE-8254-C7B958EA5366}.Debug|Any CPU.ActiveCfg = Debug|Any CPU
		{1CC4EA1D-666D-40AE-8254-C7B958EA5366}.Debug|Any CPU.Build.0 = Debug|Any CPU
		{1CC4EA1D-666D-40AE-8254-C7B958EA5366}.Release|Any CPU.ActiveCfg = Release|Any CPU
		{1CC4EA1D-666D-40AE-8254-C7B958EA5366}.Release|Any CPU.Build.0 = Release|Any CPU
	EndGlobalSection
	GlobalSection(SolutionProperties) = preSolution
		HideSolutionNode = FALSE
	EndGlobalSection
	GlobalSection(ExtensibilityGlobals) = postSolution
		SolutionGuid = {941195AF-49F7-43AE-AFED-2F0CE5E0F08D}
	EndGlobalSection
EndGlobal
